// !$*UTF8*$!
{
	archiveVersion = 1;
	classes = {
	};
	objectVersion = 50;
	objects = {

/* Begin PBXBuildFile section */
		5C3B858A20D24F98003EB671 /* AppDelegate.m in Sources */ = {isa = PBXBuildFile; fileRef = 5C3B858920D24F98003EB671 /* AppDelegate.m */; };
		5C3B858D20D24F98003EB671 /* ViewController.m in Sources */ = {isa = PBXBuildFile; fileRef = 5C3B858C20D24F98003EB671 /* ViewController.m */; };
		5C3B859020D24F98003EB671 /* Main.storyboard in Resources */ = {isa = PBXBuildFile; fileRef = 5C3B858E20D24F98003EB671 /* Main.storyboard */; };
		5C3B859220D24F99003EB671 /* Assets.xcassets in Resources */ = {isa = PBXBuildFile; fileRef = 5C3B859120D24F99003EB671 /* Assets.xcassets */; };
		5C3B859520D24F99003EB671 /* LaunchScreen.storyboard in Resources */ = {isa = PBXBuildFile; fileRef = 5C3B859320D24F99003EB671 /* LaunchScreen.storyboard */; };
		5C3B859820D24F99003EB671 /* main.m in Sources */ = {isa = PBXBuildFile; fileRef = 5C3B859720D24F99003EB671 /* main.m */; };
		5C3B85A220D24F9A003EB671 /* WeexDemoTests.m in Sources */ = {isa = PBXBuildFile; fileRef = 5C3B85A120D24F9A003EB671 /* WeexDemoTests.m */; };
		5C3B85AD20D24F9A003EB671 /* WeexDemoUITests.m in Sources */ = {isa = PBXBuildFile; fileRef = 5C3B85AC20D24F9A003EB671 /* WeexDemoUITests.m */; };
		5C3B85BE20D25341003EB671 /* SHWeexManger.m in Sources */ = {isa = PBXBuildFile; fileRef = 5C3B85BD20D25341003EB671 /* SHWeexManger.m */; };
		5C3D161B20D274EE00A6E0C2 /* SHWXViewController.m in Sources */ = {isa = PBXBuildFile; fileRef = 5C3D161A20D274EE00A6E0C2 /* SHWXViewController.m */; };
		5CACC22120D26CC9000AB34A /* SHWXImageHandler.m in Sources */ = {isa = PBXBuildFile; fileRef = 5CACC22020D26CC8000AB34A /* SHWXImageHandler.m */; };
		5CECD93B20D3595A00D673AA /* SHWXModule.m in Sources */ = {isa = PBXBuildFile; fileRef = 5CECD93A20D3595A00D673AA /* SHWXModule.m */; };
		5CECD93E20D35C8D00D673AA /* SHWXEventModule.m in Sources */ = {isa = PBXBuildFile; fileRef = 5CECD93D20D35C8D00D673AA /* SHWXEventModule.m */; };
		5CECD94120D38AEA00D673AA /* SHWXListComponent.m in Sources */ = {isa = PBXBuildFile; fileRef = 5CECD94020D38AEA00D673AA /* SHWXListComponent.m */; };
		AF8C6A433C2259410FC9F57D /* Pods_WeexDemo.framework in Frameworks */ = {isa = PBXBuildFile; fileRef = F778BF43277356477B775169 /* Pods_WeexDemo.framework */; };
/* End PBXBuildFile section */

/* Begin PBXContainerItemProxy section */
		5C3B859E20D24F9A003EB671 /* PBXContainerItemProxy */ = {
			isa = PBXContainerItemProxy;
			containerPortal = 5C3B857D20D24F98003EB671 /* Project object */;
			proxyType = 1;
			remoteGlobalIDString = 5C3B858420D24F98003EB671;
			remoteInfo = WeexDemo;
		};
		5C3B85A920D24F9A003EB671 /* PBXContainerItemProxy */ = {
			isa = PBXContainerItemProxy;
			containerPortal = 5C3B857D20D24F98003EB671 /* Project object */;
			proxyType = 1;
			remoteGlobalIDString = 5C3B858420D24F98003EB671;
			remoteInfo = WeexDemo;
		};
/* End PBXContainerItemProxy section */

/* Begin PBXFileReference section */
		26436311EA0F8E5D7D1AC8B3 /* Pods-WeexDemo.release.xcconfig */ = {isa = PBXFileReference; includeInIndex = 1; lastKnownFileType = text.xcconfig; name = "Pods-WeexDemo.release.xcconfig"; path = "Pods/Target Support Files/Pods-WeexDemo/Pods-WeexDemo.release.xcconfig"; sourceTree = "<group>"; };
		5C3B858520D24F98003EB671 /* WeexDemo.app */ = {isa = PBXFileReference; explicitFileType = wrapper.application; includeInIndex = 0; path = WeexDemo.app; sourceTree = BUILT_PRODUCTS_DIR; };
		5C3B858820D24F98003EB671 /* AppDelegate.h */ = {isa = PBXFileReference; lastKnownFileType = sourcecode.c.h; path = AppDelegate.h; sourceTree = "<group>"; };
		5C3B858920D24F98003EB671 /* AppDelegate.m */ = {isa = PBXFileReference; lastKnownFileType = sourcecode.c.objc; path = AppDelegate.m; sourceTree = "<group>"; };
		5C3B858B20D24F98003EB671 /* ViewController.h */ = {isa = PBXFileReference; lastKnownFileType = sourcecode.c.h; path = ViewController.h; sourceTree = "<group>"; };
		5C3B858C20D24F98003EB671 /* ViewController.m */ = {isa = PBXFileReference; lastKnownFileType = sourcecode.c.objc; path = ViewController.m; sourceTree = "<group>"; };
		5C3B858F20D24F98003EB671 /* Base */ = {isa = PBXFileReference; lastKnownFileType = file.storyboard; name = Base; path = Base.lproj/Main.storyboard; sourceTree = "<group>"; };
		5C3B859120D24F99003EB671 /* Assets.xcassets */ = {isa = PBXFileReference; lastKnownFileType = folder.assetcatalog; path = Assets.xcassets; sourceTree = "<group>"; };
		5C3B859420D24F99003EB671 /* Base */ = {isa = PBXFileReference; lastKnownFileType = file.storyboard; name = Base; path = Base.lproj/LaunchScreen.storyboard; sourceTree = "<group>"; };
		5C3B859620D24F99003EB671 /* Info.plist */ = {isa = PBXFileReference; lastKnownFileType = text.plist.xml; path = Info.plist; sourceTree = "<group>"; };
		5C3B859720D24F99003EB671 /* main.m */ = {isa = PBXFileReference; lastKnownFileType = sourcecode.c.objc; path = main.m; sourceTree = "<group>"; };
		5C3B859D20D24F9A003EB671 /* WeexDemoTests.xctest */ = {isa = PBXFileReference; explicitFileType = wrapper.cfbundle; includeInIndex = 0; path = WeexDemoTests.xctest; sourceTree = BUILT_PRODUCTS_DIR; };
		5C3B85A120D24F9A003EB671 /* WeexDemoTests.m */ = {isa = PBXFileReference; lastKnownFileType = sourcecode.c.objc; path = WeexDemoTests.m; sourceTree = "<group>"; };
		5C3B85A320D24F9A003EB671 /* Info.plist */ = {isa = PBXFileReference; lastKnownFileType = text.plist.xml; path = Info.plist; sourceTree = "<group>"; };
		5C3B85A820D24F9A003EB671 /* WeexDemoUITests.xctest */ = {isa = PBXFileReference; explicitFileType = wrapper.cfbundle; includeInIndex = 0; path = WeexDemoUITests.xctest; sourceTree = BUILT_PRODUCTS_DIR; };
		5C3B85AC20D24F9A003EB671 /* WeexDemoUITests.m */ = {isa = PBXFileReference; lastKnownFileType = sourcecode.c.objc; path = WeexDemoUITests.m; sourceTree = "<group>"; };
		5C3B85AE20D24F9A003EB671 /* Info.plist */ = {isa = PBXFileReference; lastKnownFileType = text.plist.xml; path = Info.plist; sourceTree = "<group>"; };
		5C3B85BC20D25341003EB671 /* SHWeexManger.h */ = {isa = PBXFileReference; lastKnownFileType = sourcecode.c.h; path = SHWeexManger.h; sourceTree = "<group>"; };
		5C3B85BD20D25341003EB671 /* SHWeexManger.m */ = {isa = PBXFileReference; lastKnownFileType = sourcecode.c.objc; path = SHWeexManger.m; sourceTree = "<group>"; };
		5C3D161920D274EE00A6E0C2 /* SHWXViewController.h */ = {isa = PBXFileReference; lastKnownFileType = sourcecode.c.h; path = SHWXViewController.h; sourceTree = "<group>"; };
		5C3D161A20D274EE00A6E0C2 /* SHWXViewController.m */ = {isa = PBXFileReference; lastKnownFileType = sourcecode.c.objc; path = SHWXViewController.m; sourceTree = "<group>"; };
		5CACC21F20D26CC8000AB34A /* SHWXImageHandler.h */ = {isa = PBXFileReference; fileEncoding = 4; lastKnownFileType = sourcecode.c.h; path = SHWXImageHandler.h; sourceTree = "<group>"; };
		5CACC22020D26CC8000AB34A /* SHWXImageHandler.m */ = {isa = PBXFileReference; fileEncoding = 4; lastKnownFileType = sourcecode.c.objc; path = SHWXImageHandler.m; sourceTree = "<group>"; };
		5CECD93920D3595A00D673AA /* SHWXModule.h */ = {isa = PBXFileReference; lastKnownFileType = sourcecode.c.h; path = SHWXModule.h; sourceTree = "<group>"; };
		5CECD93A20D3595A00D673AA /* SHWXModule.m */ = {isa = PBXFileReference; lastKnownFileType = sourcecode.c.objc; path = SHWXModule.m; sourceTree = "<group>"; };
		5CECD93C20D35C8D00D673AA /* SHWXEventModule.h */ = {isa = PBXFileReference; lastKnownFileType = sourcecode.c.h; path = SHWXEventModule.h; sourceTree = "<group>"; };
		5CECD93D20D35C8D00D673AA /* SHWXEventModule.m */ = {isa = PBXFileReference; lastKnownFileType = sourcecode.c.objc; path = SHWXEventModule.m; sourceTree = "<group>"; };
		5CECD93F20D38AEA00D673AA /* SHWXListComponent.h */ = {isa = PBXFileReference; lastKnownFileType = sourcecode.c.h; path = SHWXListComponent.h; sourceTree = "<group>"; };
		5CECD94020D38AEA00D673AA /* SHWXListComponent.m */ = {isa = PBXFileReference; lastKnownFileType = sourcecode.c.objc; path = SHWXListComponent.m; sourceTree = "<group>"; };
		781D4D948FBC7726657F8D68 /* Pods-WeexDemo.debug.xcconfig */ = {isa = PBXFileReference; includeInIndex = 1; lastKnownFileType = text.xcconfig; name = "Pods-WeexDemo.debug.xcconfig"; path = "Pods/Target Support Files/Pods-WeexDemo/Pods-WeexDemo.debug.xcconfig"; sourceTree = "<group>"; };
		F778BF43277356477B775169 /* Pods_WeexDemo.framework */ = {isa = PBXFileReference; explicitFileType = wrapper.framework; includeInIndex = 0; path = Pods_WeexDemo.framework; sourceTree = BUILT_PRODUCTS_DIR; };
/* End PBXFileReference section */

/* Begin PBXFrameworksBuildPhase section */
		5C3B858220D24F98003EB671 /* Frameworks */ = {
			isa = PBXFrameworksBuildPhase;
			buildActionMask = 2147483647;
			files = (
				AF8C6A433C2259410FC9F57D /* Pods_WeexDemo.framework in Frameworks */,
			);
			runOnlyForDeploymentPostprocessing = 0;
		};
		5C3B859A20D24F9A003EB671 /* Frameworks */ = {
			isa = PBXFrameworksBuildPhase;
			buildActionMask = 2147483647;
			files = (
			);
			runOnlyForDeploymentPostprocessing = 0;
		};
		5C3B85A520D24F9A003EB671 /* Frameworks */ = {
			isa = PBXFrameworksBuildPhase;
			buildActionMask = 2147483647;
			files = (
			);
			runOnlyForDeploymentPostprocessing = 0;
		};
/* End PBXFrameworksBuildPhase section */

/* Begin PBXGroup section */
		5C3B857C20D24F98003EB671 = {
			isa = PBXGroup;
			children = (
				5C3B858720D24F98003EB671 /* WeexDemo */,
				5C3B85A020D24F9A003EB671 /* WeexDemoTests */,
				5C3B85AB20D24F9A003EB671 /* WeexDemoUITests */,
				5C3B858620D24F98003EB671 /* Products */,
				7A22F1C899449358CD619842 /* Pods */,
				C837B02498CECBA7D856C558 /* Frameworks */,
			);
			sourceTree = "<group>";
		};
		5C3B858620D24F98003EB671 /* Products */ = {
			isa = PBXGroup;
			children = (
				5C3B858520D24F98003EB671 /* WeexDemo.app */,
				5C3B859D20D24F9A003EB671 /* WeexDemoTests.xctest */,
				5C3B85A820D24F9A003EB671 /* WeexDemoUITests.xctest */,
			);
			name = Products;
			sourceTree = "<group>";
		};
		5C3B858720D24F98003EB671 /* WeexDemo */ = {
			isa = PBXGroup;
			children = (
				5C3B85BB20D2532C003EB671 /* SHWeexHelper */,
				5C3B858820D24F98003EB671 /* AppDelegate.h */,
				5C3B858920D24F98003EB671 /* AppDelegate.m */,
				5C3B858B20D24F98003EB671 /* ViewController.h */,
				5C3B858C20D24F98003EB671 /* ViewController.m */,
				5C3B858E20D24F98003EB671 /* Main.storyboard */,
				5C3B859120D24F99003EB671 /* Assets.xcassets */,
				5C3B859320D24F99003EB671 /* LaunchScreen.storyboard */,
				5C3B859620D24F99003EB671 /* Info.plist */,
				5C3B859720D24F99003EB671 /* main.m */,
			);
			path = WeexDemo;
			sourceTree = "<group>";
		};
		5C3B85A020D24F9A003EB671 /* WeexDemoTests */ = {
			isa = PBXGroup;
			children = (
				5C3B85A120D24F9A003EB671 /* WeexDemoTests.m */,
				5C3B85A320D24F9A003EB671 /* Info.plist */,
			);
			path = WeexDemoTests;
			sourceTree = "<group>";
		};
		5C3B85AB20D24F9A003EB671 /* WeexDemoUITests */ = {
			isa = PBXGroup;
			children = (
				5C3B85AC20D24F9A003EB671 /* WeexDemoUITests.m */,
				5C3B85AE20D24F9A003EB671 /* Info.plist */,
			);
			path = WeexDemoUITests;
			sourceTree = "<group>";
		};
		5C3B85BB20D2532C003EB671 /* SHWeexHelper */ = {
			isa = PBXGroup;
			children = (
				5CACC21D20D26CC8000AB34A /* Component(组件) */,
				5CACC21E20D26CC8000AB34A /* Handler(处理) */,
				5CACC21C20D26CC8000AB34A /* Module(模块) */,
				5C3B85BC20D25341003EB671 /* SHWeexManger.h */,
				5C3B85BD20D25341003EB671 /* SHWeexManger.m */,
				5C3D161920D274EE00A6E0C2 /* SHWXViewController.h */,
				5C3D161A20D274EE00A6E0C2 /* SHWXViewController.m */,
			);
			path = SHWeexHelper;
			sourceTree = "<group>";
		};
		5CACC21C20D26CC8000AB34A /* Module(模块) */ = {
			isa = PBXGroup;
			children = (
				5CECD93920D3595A00D673AA /* SHWXModule.h */,
				5CECD93A20D3595A00D673AA /* SHWXModule.m */,
				5CECD93C20D35C8D00D673AA /* SHWXEventModule.h */,
				5CECD93D20D35C8D00D673AA /* SHWXEventModule.m */,
			);
			path = "Module(模块)";
			sourceTree = "<group>";
		};
		5CACC21D20D26CC8000AB34A /* Component(组件) */ = {
			isa = PBXGroup;
			children = (
				5CECD93F20D38AEA00D673AA /* SHWXListComponent.h */,
				5CECD94020D38AEA00D673AA /* SHWXListComponent.m */,
			);
			path = "Component(组件)";
			sourceTree = "<group>";
		};
		5CACC21E20D26CC8000AB34A /* Handler(处理) */ = {
			isa = PBXGroup;
			children = (
				5CACC21F20D26CC8000AB34A /* SHWXImageHandler.h */,
				5CACC22020D26CC8000AB34A /* SHWXImageHandler.m */,
			);
			path = "Handler(处理)";
			sourceTree = "<group>";
		};
		7A22F1C899449358CD619842 /* Pods */ = {
			isa = PBXGroup;
			children = (
				781D4D948FBC7726657F8D68 /* Pods-WeexDemo.debug.xcconfig */,
				26436311EA0F8E5D7D1AC8B3 /* Pods-WeexDemo.release.xcconfig */,
			);
			name = Pods;
			sourceTree = "<group>";
		};
		C837B02498CECBA7D856C558 /* Frameworks */ = {
			isa = PBXGroup;
			children = (
				F778BF43277356477B775169 /* Pods_WeexDemo.framework */,
			);
			name = Frameworks;
			sourceTree = "<group>";
		};
/* End PBXGroup section */

/* Begin PBXNativeTarget section */
		5C3B858420D24F98003EB671 /* WeexDemo */ = {
			isa = PBXNativeTarget;
			buildConfigurationList = 5C3B85B120D24F9A003EB671 /* Build configuration list for PBXNativeTarget "WeexDemo" */;
			buildPhases = (
				668024AC777787072500231C /* [CP] Check Pods Manifest.lock */,
				5C3B858120D24F98003EB671 /* Sources */,
				5C3B858220D24F98003EB671 /* Frameworks */,
				5C3B858320D24F98003EB671 /* Resources */,
				B95383AB34236BFABA6D4782 /* [CP] Embed Pods Frameworks */,
			);
			buildRules = (
			);
			dependencies = (
			);
			name = WeexDemo;
			productName = WeexDemo;
			productReference = 5C3B858520D24F98003EB671 /* WeexDemo.app */;
			productType = "com.apple.product-type.application";
		};
		5C3B859C20D24F9A003EB671 /* WeexDemoTests */ = {
			isa = PBXNativeTarget;
			buildConfigurationList = 5C3B85B420D24F9A003EB671 /* Build configuration list for PBXNativeTarget "WeexDemoTests" */;
			buildPhases = (
				5C3B859920D24F9A003EB671 /* Sources */,
				5C3B859A20D24F9A003EB671 /* Frameworks */,
				5C3B859B20D24F9A003EB671 /* Resources */,
			);
			buildRules = (
			);
			dependencies = (
				5C3B859F20D24F9A003EB671 /* PBXTargetDependency */,
			);
			name = WeexDemoTests;
			productName = WeexDemoTests;
			productReference = 5C3B859D20D24F9A003EB671 /* WeexDemoTests.xctest */;
			productType = "com.apple.product-type.bundle.unit-test";
		};
		5C3B85A720D24F9A003EB671 /* WeexDemoUITests */ = {
			isa = PBXNativeTarget;
			buildConfigurationList = 5C3B85B720D24F9A003EB671 /* Build configuration list for PBXNativeTarget "WeexDemoUITests" */;
			buildPhases = (
				5C3B85A420D24F9A003EB671 /* Sources */,
				5C3B85A520D24F9A003EB671 /* Frameworks */,
				5C3B85A620D24F9A003EB671 /* Resources */,
			);
			buildRules = (
			);
			dependencies = (
				5C3B85AA20D24F9A003EB671 /* PBXTargetDependency */,
			);
			name = WeexDemoUITests;
			productName = WeexDemoUITests;
			productReference = 5C3B85A820D24F9A003EB671 /* WeexDemoUITests.xctest */;
			productType = "com.apple.product-type.bundle.ui-testing";
		};
/* End PBXNativeTarget section */

/* Begin PBXProject section */
		5C3B857D20D24F98003EB671 /* Project object */ = {
			isa = PBXProject;
			attributes = {
				LastUpgradeCheck = 0940;
				ORGANIZATIONNAME = CSH;
				TargetAttributes = {
					5C3B858420D24F98003EB671 = {
						CreatedOnToolsVersion = 9.4;
					};
					5C3B859C20D24F9A003EB671 = {
						CreatedOnToolsVersion = 9.4;
						TestTargetID = 5C3B858420D24F98003EB671;
					};
					5C3B85A720D24F9A003EB671 = {
						CreatedOnToolsVersion = 9.4;
						TestTargetID = 5C3B858420D24F98003EB671;
					};
				};
			};
			buildConfigurationList = 5C3B858020D24F98003EB671 /* Build configuration list for PBXProject "WeexDemo" */;
			compatibilityVersion = "Xcode 9.3";
			developmentRegion = en;
			hasScannedForEncodings = 0;
			knownRegions = (
				en,
				Base,
			);
			mainGroup = 5C3B857C20D24F98003EB671;
			productRefGroup = 5C3B858620D24F98003EB671 /* Products */;
			projectDirPath = "";
			projectRoot = "";
			targets = (
				5C3B858420D24F98003EB671 /* WeexDemo */,
				5C3B859C20D24F9A003EB671 /* WeexDemoTests */,
				5C3B85A720D24F9A003EB671 /* WeexDemoUITests */,
			);
		};
/* End PBXProject section */

/* Begin PBXResourcesBuildPhase section */
		5C3B858320D24F98003EB671 /* Resources */ = {
			isa = PBXResourcesBuildPhase;
			buildActionMask = 2147483647;
			files = (
				5C3B859520D24F99003EB671 /* LaunchScreen.storyboard in Resources */,
				5C3B859220D24F99003EB671 /* Assets.xcassets in Resources */,
				5C3B859020D24F98003EB671 /* Main.storyboard in Resources */,
			);
			runOnlyForDeploymentPostprocessing = 0;
		};
		5C3B859B20D24F9A003EB671 /* Resources */ = {
			isa = PBXResourcesBuildPhase;
			buildActionMask = 2147483647;
			files = (
			);
			runOnlyForDeploymentPostprocessing = 0;
		};
		5C3B85A620D24F9A003EB671 /* Resources */ = {
			isa = PBXResourcesBuildPhase;
			buildActionMask = 2147483647;
			files = (
			);
			runOnlyForDeploymentPostprocessing = 0;
		};
/* End PBXResourcesBuildPhase section */

/* Begin PBXShellScriptBuildPhase section */
		668024AC777787072500231C /* [CP] Check Pods Manifest.lock */ = {
			isa = PBXShellScriptBuildPhase;
			buildActionMask = 2147483647;
			files = (
			);
			inputPaths = (
				"${PODS_PODFILE_DIR_PATH}/Podfile.lock",
				"${PODS_ROOT}/Manifest.lock",
			);
			name = "[CP] Check Pods Manifest.lock";
			outputPaths = (
				"$(DERIVED_FILE_DIR)/Pods-WeexDemo-checkManifestLockResult.txt",
			);
			runOnlyForDeploymentPostprocessing = 0;
			shellPath = /bin/sh;
			shellScript = "diff \"${PODS_PODFILE_DIR_PATH}/Podfile.lock\" \"${PODS_ROOT}/Manifest.lock\" > /dev/null\nif [ $? != 0 ] ; then\n    # print error to STDERR\n    echo \"error: The sandbox is not in sync with the Podfile.lock. Run 'pod install' or update your CocoaPods installation.\" >&2\n    exit 1\nfi\n# This output is used by Xcode 'outputs' to avoid re-running this script phase.\necho \"SUCCESS\" > \"${SCRIPT_OUTPUT_FILE_0}\"\n";
			showEnvVarsInLog = 0;
		};
		B95383AB34236BFABA6D4782 /* [CP] Embed Pods Frameworks */ = {
			isa = PBXShellScriptBuildPhase;
			buildActionMask = 2147483647;
			files = (
			);
			inputPaths = (
				"${SRCROOT}/Pods/Target Support Files/Pods-WeexDemo/Pods-WeexDemo-frameworks.sh",
				"${BUILT_PRODUCTS_DIR}/SDWebImage/SDWebImage.framework",
				"${BUILT_PRODUCTS_DIR}/SocketRocket/SocketRocket.framework",
				"${BUILT_PRODUCTS_DIR}/WeexSDK/WeexSDK.framework",
			);
			name = "[CP] Embed Pods Frameworks";
			outputPaths = (
				"${TARGET_BUILD_DIR}/${FRAMEWORKS_FOLDER_PATH}/SDWebImage.framework",
				"${TARGET_BUILD_DIR}/${FRAMEWORKS_FOLDER_PATH}/SocketRocket.framework",
				"${TARGET_BUILD_DIR}/${FRAMEWORKS_FOLDER_PATH}/WeexSDK.framework",
			);
			runOnlyForDeploymentPostprocessing = 0;
			shellPath = /bin/sh;
			shellScript = "\"${SRCROOT}/Pods/Target Support Files/Pods-WeexDemo/Pods-WeexDemo-frameworks.sh\"\n";
			showEnvVarsInLog = 0;
		};
/* End PBXShellScriptBuildPhase section */

/* Begin PBXSourcesBuildPhase section */
		5C3B858120D24F98003EB671 /* Sources */ = {
			isa = PBXSourcesBuildPhase;
			buildActionMask = 2147483647;
			files = (
				5C3B858D20D24F98003EB671 /* ViewController.m in Sources */,
				5C3D161B20D274EE00A6E0C2 /* SHWXViewController.m in Sources */,
				5CACC22120D26CC9000AB34A /* SHWXImageHandler.m in Sources */,
				5CECD93E20D35C8D00D673AA /* SHWXEventModule.m in Sources */,
				5C3B85BE20D25341003EB671 /* SHWeexManger.m in Sources */,
				5C3B859820D24F99003EB671 /* main.m in Sources */,
				5C3B858A20D24F98003EB671 /* AppDelegate.m in Sources */,
				5CECD93B20D3595A00D673AA /* SHWXModule.m in Sources */,
				5CECD94120D38AEA00D673AA /* SHWXListComponent.m in Sources */,
			);
			runOnlyForDeploymentPostprocessing = 0;
		};
		5C3B859920D24F9A003EB671 /* Sources */ = {
			isa = PBXSourcesBuildPhase;
			buildActionMask = 2147483647;
			files = (
				5C3B85A220D24F9A003EB671 /* WeexDemoTests.m in Sources */,
			);
			runOnlyForDeploymentPostprocessing = 0;
		};
		5C3B85A420D24F9A003EB671 /* Sources */ = {
			isa = PBXSourcesBuildPhase;
			buildActionMask = 2147483647;
			files = (
				5C3B85AD20D24F9A003EB671 /* WeexDemoUITests.m in Sources */,
			);
			runOnlyForDeploymentPostprocessing = 0;
		};
/* End PBXSourcesBuildPhase section */

/* Begin PBXTargetDependency section */
		5C3B859F20D24F9A003EB671 /* PBXTargetDependency */ = {
			isa = PBXTargetDependency;
			target = 5C3B858420D24F98003EB671 /* WeexDemo */;
			targetProxy = 5C3B859E20D24F9A003EB671 /* PBXContainerItemProxy */;
		};
		5C3B85AA20D24F9A003EB671 /* PBXTargetDependency */ = {
			isa = PBXTargetDependency;
			target = 5C3B858420D24F98003EB671 /* WeexDemo */;
			targetProxy = 5C3B85A920D24F9A003EB671 /* PBXContainerItemProxy */;
		};
/* End PBXTargetDependency section */

/* Begin PBXVariantGroup section */
		5C3B858E20D24F98003EB671 /* Main.storyboard */ = {
			isa = PBXVariantGroup;
			children = (
				5C3B858F20D24F98003EB671 /* Base */,
			);
			name = Main.storyboard;
			sourceTree = "<group>";
		};
		5C3B859320D24F99003EB671 /* LaunchScreen.storyboard */ = {
			isa = PBXVariantGroup;
			children = (
				5C3B859420D24F99003EB671 /* Base */,
			);
			name = LaunchScreen.storyboard;
			sourceTree = "<group>";
		};
/* End PBXVariantGroup section */

/* Begin XCBuildConfiguration section */
		5C3B85AF20D24F9A003EB671 /* Debug */ = {
			isa = XCBuildConfiguration;
			buildSettings = {
				ALWAYS_SEARCH_USER_PATHS = NO;
				CLANG_ANALYZER_NONNULL = YES;
				CLANG_ANALYZER_NUMBER_OBJECT_CONVERSION = YES_AGGRESSIVE;
				CLANG_CXX_LANGUAGE_STANDARD = "gnu++14";
				CLANG_CXX_LIBRARY = "libc++";
				CLANG_ENABLE_MODULES = YES;
				CLANG_ENABLE_OBJC_ARC = YES;
				CLANG_ENABLE_OBJC_WEAK = YES;
				CLANG_WARN_BLOCK_CAPTURE_AUTORELEASING = YES;
				CLANG_WARN_BOOL_CONVERSION = YES;
				CLANG_WARN_COMMA = YES;
				CLANG_WARN_CONSTANT_CONVERSION = YES;
				CLANG_WARN_DEPRECATED_OBJC_IMPLEMENTATIONS = YES;
				CLANG_WARN_DIRECT_OBJC_ISA_USAGE = YES_ERROR;
				CLANG_WARN_DOCUMENTATION_COMMENTS = YES;
				CLANG_WARN_EMPTY_BODY = YES;
				CLANG_WARN_ENUM_CONVERSION = YES;
				CLANG_WARN_INFINITE_RECURSION = YES;
				CLANG_WARN_INT_CONVERSION = YES;
				CLANG_WARN_NON_LITERAL_NULL_CONVERSION = YES;
				CLANG_WARN_OBJC_IMPLICIT_RETAIN_SELF = YES;
				CLANG_WARN_OBJC_LITERAL_CONVERSION = YES;
				CLANG_WARN_OBJC_ROOT_CLASS = YES_ERROR;
				CLANG_WARN_RANGE_LOOP_ANALYSIS = YES;
				CLANG_WARN_STRICT_PROTOTYPES = YES;
				CLANG_WARN_SUSPICIOUS_MOVE = YES;
				CLANG_WARN_UNGUARDED_AVAILABILITY = YES_AGGRESSIVE;
				CLANG_WARN_UNREACHABLE_CODE = YES;
				CLANG_WARN__DUPLICATE_METHOD_MATCH = YES;
				CODE_SIGN_IDENTITY = "iPhone Developer";
				COPY_PHASE_STRIP = NO;
				DEBUG_INFORMATION_FORMAT = dwarf;
				ENABLE_STRICT_OBJC_MSGSEND = YES;
				ENABLE_TESTABILITY = YES;
				GCC_C_LANGUAGE_STANDARD = gnu11;
				GCC_DYNAMIC_NO_PIC = NO;
				GCC_NO_COMMON_BLOCKS = YES;
				GCC_OPTIMIZATION_LEVEL = 0;
				GCC_PREPROCESSOR_DEFINITIONS = (
					"DEBUG=1",
					"$(inherited)",
				);
				GCC_WARN_64_TO_32_BIT_CONVERSION = YES;
				GCC_WARN_ABOUT_RETURN_TYPE = YES_ERROR;
				GCC_WARN_UNDECLARED_SELECTOR = YES;
				GCC_WARN_UNINITIALIZED_AUTOS = YES_AGGRESSIVE;
				GCC_WARN_UNUSED_FUNCTION = YES;
				GCC_WARN_UNUSED_VARIABLE = YES;
				IPHONEOS_DEPLOYMENT_TARGET = 11.4;
				MTL_ENABLE_DEBUG_INFO = YES;
				ONLY_ACTIVE_ARCH = YES;
				SDKROOT = iphoneos;
			};
			name = Debug;
		};
		5C3B85B020D24F9A003EB671 /* Release */ = {
			isa = XCBuildConfiguration;
			buildSettings = {
				ALWAYS_SEARCH_USER_PATHS = NO;
				CLANG_ANALYZER_NONNULL = YES;
				CLANG_ANALYZER_NUMBER_OBJECT_CONVERSION = YES_AGGRESSIVE;
				CLANG_CXX_LANGUAGE_STANDARD = "gnu++14";
				CLANG_CXX_LIBRARY = "libc++";
				CLANG_ENABLE_MODULES = YES;
				CLANG_ENABLE_OBJC_ARC = YES;
				CLANG_ENABLE_OBJC_WEAK = YES;
				CLANG_WARN_BLOCK_CAPTURE_AUTORELEASING = YES;
				CLANG_WARN_BOOL_CONVERSION = YES;
				CLANG_WARN_COMMA = YES;
				CLANG_WARN_CONSTANT_CONVERSION = YES;
				CLANG_WARN_DEPRECATED_OBJC_IMPLEMENTATIONS = YES;
				CLANG_WARN_DIRECT_OBJC_ISA_USAGE = YES_ERROR;
				CLANG_WARN_DOCUMENTATION_COMMENTS = YES;
				CLANG_WARN_EMPTY_BODY = YES;
				CLANG_WARN_ENUM_CONVERSION = YES;
				CLANG_WARN_INFINITE_RECURSION = YES;
				CLANG_WARN_INT_CONVERSION = YES;
				CLANG_WARN_NON_LITERAL_NULL_CONVERSION = YES;
				CLANG_WARN_OBJC_IMPLICIT_RETAIN_SELF = YES;
				CLANG_WARN_OBJC_LITERAL_CONVERSION = YES;
				CLANG_WARN_OBJC_ROOT_CLASS = YES_ERROR;
				CLANG_WARN_RANGE_LOOP_ANALYSIS = YES;
				CLANG_WARN_STRICT_PROTOTYPES = YES;
				CLANG_WARN_SUSPICIOUS_MOVE = YES;
				CLANG_WARN_UNGUARDED_AVAILABILITY = YES_AGGRESSIVE;
				CLANG_WARN_UNREACHABLE_CODE = YES;
				CLANG_WARN__DUPLICATE_METHOD_MATCH = YES;
				CODE_SIGN_IDENTITY = "iPhone Developer";
				COPY_PHASE_STRIP = NO;
				DEBUG_INFORMATION_FORMAT = "dwarf-with-dsym";
				ENABLE_NS_ASSERTIONS = NO;
				ENABLE_STRICT_OBJC_MSGSEND = YES;
				GCC_C_LANGUAGE_STANDARD = gnu11;
				GCC_NO_COMMON_BLOCKS = YES;
				GCC_WARN_64_TO_32_BIT_CONVERSION = YES;
				GCC_WARN_ABOUT_RETURN_TYPE = YES_ERROR;
				GCC_WARN_UNDECLARED_SELECTOR = YES;
				GCC_WARN_UNINITIALIZED_AUTOS = YES_AGGRESSIVE;
				GCC_WARN_UNUSED_FUNCTION = YES;
				GCC_WARN_UNUSED_VARIABLE = YES;
				IPHONEOS_DEPLOYMENT_TARGET = 11.4;
				MTL_ENABLE_DEBUG_INFO = NO;
				SDKROOT = iphoneos;
				VALIDATE_PRODUCT = YES;
			};
			name = Release;
		};
		5C3B85B220D24F9A003EB671 /* Debug */ = {
			isa = XCBuildConfiguration;
			baseConfigurationReference = 781D4D948FBC7726657F8D68 /* Pods-WeexDemo.debug.xcconfig */;
			buildSettings = {
				ASSETCATALOG_COMPILER_APPICON_NAME = AppIcon;
				CODE_SIGN_STYLE = Automatic;
				INFOPLIST_FILE = WeexDemo/Info.plist;
				IPHONEOS_DEPLOYMENT_TARGET = 8.0;
				LD_RUNPATH_SEARCH_PATHS = (
					"$(inherited)",
					"@executable_path/Frameworks",
				);
				PRODUCT_BUNDLE_IDENTIFIER = csh.WeexDemo;
				PRODUCT_NAME = "$(TARGET_NAME)";
				TARGETED_DEVICE_FAMILY = "1,2";
				USER_HEADER_SEARCH_PATHS = "${SRCROOT}/**";
			};
			name = Debug;
		};
		5C3B85B320D24F9A003EB671 /* Release */ = {
			isa = XCBuildConfiguration;
			baseConfigurationReference = 26436311EA0F8E5D7D1AC8B3 /* Pods-WeexDemo.release.xcconfig */;
			buildSettings = {
				ASSETCATALOG_COMPILER_APPICON_NAME = AppIcon;
				CODE_SIGN_STYLE = Automatic;
				INFOPLIST_FILE = WeexDemo/Info.plist;
				IPHONEOS_DEPLOYMENT_TARGET = 8.0;
				LD_RUNPATH_SEARCH_PATHS = (
					"$(inherited)",
					"@executable_path/Frameworks",
				);
				PRODUCT_BUNDLE_IDENTIFIER = csh.WeexDemo;
				PRODUCT_NAME = "$(TARGET_NAME)";
				TARGETED_DEVICE_FAMILY = "1,2";
				USER_HEADER_SEARCH_PATHS = "${SRCROOT}/**";
			};
			name = Release;
		};
		5C3B85B520D24F9A003EB671 /* Debug */ = {
			isa = XCBuildConfiguration;
			buildSettings = {
				BUNDLE_LOADER = "$(TEST_HOST)";
				CODE_SIGN_STYLE = Automatic;
				INFOPLIST_FILE = WeexDemoTests/Info.plist;
				LD_RUNPATH_SEARCH_PATHS = (
					"$(inherited)",
					"@executable_path/Frameworks",
					"@loader_path/Frameworks",
				);
				PRODUCT_BUNDLE_IDENTIFIER = csh.WeexDemoTests;
				PRODUCT_NAME = "$(TARGET_NAME)";
				TARGETED_DEVICE_FAMILY = "1,2";
				TEST_HOST = "$(BUILT_PRODUCTS_DIR)/WeexDemo.app/WeexDemo";
			};
			name = Debug;
		};
		5C3B85B620D24F9A003EB671 /* Release */ = {
			isa = XCBuildConfiguration;
			buildSettings = {
				BUNDLE_LOADER = "$(TEST_HOST)";
				CODE_SIGN_STYLE = Automatic;
				INFOPLIST_FILE = WeexDemoTests/Info.plist;
				LD_RUNPATH_SEARCH_PATHS = (
					"$(inherited)",
					"@executable_path/Frameworks",
					"@loader_path/Frameworks",
				);
				PRODUCT_BUNDLE_IDENTIFIER = csh.WeexDemoTests;
				PRODUCT_NAME = "$(TARGET_NAME)";
				TARGETED_DEVICE_FAMILY = "1,2";
				TEST_HOST = "$(BUILT_PRODUCTS_DIR)/WeexDemo.app/WeexDemo";
			};
			name = Release;
		};
		5C3B85B820D24F9A003EB671 /* Debug */ = {
			isa = XCBuildConfiguration;
			buildSettings = {
				CODE_SIGN_STYLE = Automatic;
				INFOPLIST_FILE = WeexDemoUITests/Info.plist;
				LD_RUNPATH_SEARCH_PATHS = (
					"$(inherited)",
					"@executable_path/Frameworks",
					"@loader_path/Frameworks",
				);
				PRODUCT_BUNDLE_IDENTIFIER = csh.WeexDemoUITests;
				PRODUCT_NAME = "$(TARGET_NAME)";
				TARGETED_DEVICE_FAMILY = "1,2";
				TEST_TARGET_NAME = WeexDemo;
			};
			name = Debug;
		};
		5C3B85B920D24F9A003EB671 /* Release */ = {
			isa = XCBuildConfiguration;
			buildSettings = {
				CODE_SIGN_STYLE = Automatic;
				INFOPLIST_FILE = WeexDemoUITests/Info.plist;
				LD_RUNPATH_SEARCH_PATHS = (
					"$(inherited)",
					"@executable_path/Frameworks",
					"@loader_path/Frameworks",
				);
				PRODUCT_BUNDLE_IDENTIFIER = csh.WeexDemoUITests;
				PRODUCT_NAME = "$(TARGET_NAME)";
				TARGETED_DEVICE_FAMILY = "1,2";
				TEST_TARGET_NAME = WeexDemo;
			};
			name = Release;
		};
/* End XCBuildConfiguration section */

/* Begin XCConfigurationList section */
		5C3B858020D24F98003EB671 /* Build configuration list for PBXProject "WeexDemo" */ = {
			isa = XCConfigurationList;
			buildConfigurations = (
				5C3B85AF20D24F9A003EB671 /* Debug */,
				5C3B85B020D24F9A003EB671 /* Release */,
			);
			defaultConfigurationIsVisible = 0;
			defaultConfigurationName = Release;
		};
		5C3B85B120D24F9A003EB671 /* Build configuration list for PBXNativeTarget "WeexDemo" */ = {
			isa = XCConfigurationList;
			buildConfigurations = (
				5C3B85B220D24F9A003EB671 /* Debug */,
				5C3B85B320D24F9A003EB671 /* Release */,
			);
			defaultConfigurationIsVisible = 0;
			defaultConfigurationName = Release;
		};
		5C3B85B420D24F9A003EB671 /* Build configuration list for PBXNativeTarget "WeexDemoTests" */ = {
			isa = XCConfigurationList;
			buildConfigurations = (
				5C3B85B520D24F9A003EB671 /* Debug */,
				5C3B85B620D24F9A003EB671 /* Release */,
			);
			defaultConfigurationIsVisible = 0;
			defaultConfigurationName = Release;
		};
		5C3B85B720D24F9A003EB671 /* Build configuration list for PBXNativeTarget "WeexDemoUITests" */ = {
			isa = XCConfigurationList;
			buildConfigurations = (
				5C3B85B820D24F9A003EB671 /* Debug */,
				5C3B85B920D24F9A003EB671 /* Release */,
			);
			defaultConfigurationIsVisible = 0;
			defaultConfigurationName = Release;
		};
/* End XCConfigurationList section */
	};
	rootObject = 5C3B857D20D24F98003EB671 /* Project object */;
}
